
Microsoft Visual Studio Solution File, Format Version 11.00
# Visual Basic Express 2010
Project("{F184B08F-C81C-45F6-A57F-5ABD9991F28F}") = "MoonPatrol", "MoonPatrol\MoonPatrol.vbproj", "{D2618BEB-3E38-427E-AE8A-F5A5C438D1C8}"
EndProject
Global
	GlobalSection(SolutionConfigurationPlatforms) = preSolution
		Debug|x86 = Debug|x86
		Release|x86 = Release|x86
	EndGlobalSection
	GlobalSection(ProjectConfigurationPlatforms) = postSolution
		{D2618BEB-3E38-427E-AE8A-F5A5C438D1C8}.Debug|x86.ActiveCfg = Debug|x86
		{D2618BEB-3E38-427E-AE8A-F5A5C438D1C8}.Debug|x86.Build.0 = Debug|x86
		{D2618BEB-3E38-427E-AE8A-F5A5C438D1C8}.Release|x86.ActiveCfg = Release|x86
		{D2618BEB-3E38-427E-AE8A-F5A5C438D1C8}.Release|x86.Build.0 = Release|x86
	EndGlobalSection
	GlobalSection(SolutionProperties) = preSolution
		HideSolutionNode = FALSE
	EndGlobalSection
EndGlobal
