
Microsoft Visual Studio Solution File, Format Version 11.00
# Visual Studio 2010
Project("{F184B08F-C81C-45F6-A57F-5ABD9991F28F}") = "ADV VB XML Class Exercise", "ADV VB XML Class Exercise\ADV VB XML Class Exercise.vbproj", "{1202B882-78F0-4327-A3AB-A26BE8313875}"
EndProject
Global
	GlobalSection(SolutionConfigurationPlatforms) = preSolution
		Debug|x86 = Debug|x86
		Release|x86 = Release|x86
	EndGlobalSection
	GlobalSection(ProjectConfigurationPlatforms) = postSolution
		{1202B882-78F0-4327-A3AB-A26BE8313875}.Debug|x86.ActiveCfg = Debug|x86
		{1202B882-78F0-4327-A3AB-A26BE8313875}.Debug|x86.Build.0 = Debug|x86
		{1202B882-78F0-4327-A3AB-A26BE8313875}.Release|x86.ActiveCfg = Release|x86
		{1202B882-78F0-4327-A3AB-A26BE8313875}.Release|x86.Build.0 = Release|x86
	EndGlobalSection
	GlobalSection(SolutionProperties) = preSolution
		HideSolutionNode = FALSE
	EndGlobalSection
EndGlobal
