
Microsoft Visual Studio Solution File, Format Version 11.00
# Visual Basic Express 2010
Project("{F184B08F-C81C-45F6-A57F-5ABD9991F28F}") = "Chapter 3 Exercise 3.7", "Chapter 3 Exercise 3.7\Chapter 3 Exercise 3.7.vbproj", "{55128EBA-0724-45BC-8FBB-B0B906E955D2}"
EndProject
Global
	GlobalSection(SolutionConfigurationPlatforms) = preSolution
		Debug|x86 = Debug|x86
		Release|x86 = Release|x86
	EndGlobalSection
	GlobalSection(ProjectConfigurationPlatforms) = postSolution
		{55128EBA-0724-45BC-8FBB-B0B906E955D2}.Debug|x86.ActiveCfg = Debug|x86
		{55128EBA-0724-45BC-8FBB-B0B906E955D2}.Debug|x86.Build.0 = Debug|x86
		{55128EBA-0724-45BC-8FBB-B0B906E955D2}.Release|x86.ActiveCfg = Release|x86
		{55128EBA-0724-45BC-8FBB-B0B906E955D2}.Release|x86.Build.0 = Release|x86
	EndGlobalSection
	GlobalSection(SolutionProperties) = preSolution
		HideSolutionNode = FALSE
	EndGlobalSection
EndGlobal
