
Microsoft Visual Studio Solution File, Format Version 11.00
# Visual Studio 2010
Project("{F184B08F-C81C-45F6-A57F-5ABD9991F28F}") = "ADV VB Test Project for Vehicles", "ADV VB Test Project for Vehicles\ADV VB Test Project for Vehicles.vbproj", "{1932B9FF-33DA-4D03-9C4E-A9896CF8C6CB}"
EndProject
Project("{2150E333-8FDC-42A3-9474-1A3956D46DE8}") = "Solution Items", "Solution Items", "{61074C7B-A655-4C3E-BEDA-F296C38E681E}"
	ProjectSection(SolutionItems) = preProject
		ADV VB Test Project for Vehicles.vsmdi = ADV VB Test Project for Vehicles.vsmdi
		Local.testsettings = Local.testsettings
		TraceAndTestImpact.testsettings = TraceAndTestImpact.testsettings
	EndProjectSection
EndProject
Global
	GlobalSection(TestCaseManagementSettings) = postSolution
		CategoryFile = ADV VB Test Project for Vehicles.vsmdi
	EndGlobalSection
	GlobalSection(SolutionConfigurationPlatforms) = preSolution
		Debug|Any CPU = Debug|Any CPU
		Release|Any CPU = Release|Any CPU
	EndGlobalSection
	GlobalSection(ProjectConfigurationPlatforms) = postSolution
		{1932B9FF-33DA-4D03-9C4E-A9896CF8C6CB}.Debug|Any CPU.ActiveCfg = Debug|Any CPU
		{1932B9FF-33DA-4D03-9C4E-A9896CF8C6CB}.Debug|Any CPU.Build.0 = Debug|Any CPU
		{1932B9FF-33DA-4D03-9C4E-A9896CF8C6CB}.Release|Any CPU.ActiveCfg = Release|Any CPU
		{1932B9FF-33DA-4D03-9C4E-A9896CF8C6CB}.Release|Any CPU.Build.0 = Release|Any CPU
	EndGlobalSection
	GlobalSection(SolutionProperties) = preSolution
		HideSolutionNode = FALSE
	EndGlobalSection
EndGlobal
